
Microsoft Visual Studio Solution File, Format Version 12.00
# Visual Studio Version 16
VisualStudioVersion = 16.0.30523.141
MinimumVisualStudioVersion = 10.0.40219.1
Project("{FAE04EC0-301F-11D3-BF4B-00C04F79EFBC}") = "DemoSocketClientServer1841720078Reza", "DemoSocketClientServer1841720078Reza\DemoSocketClientServer1841720078Reza.csproj", "{40ACECFC-0930-487A-A447-067DA19F62B3}"
EndProject
Global
	GlobalSection(SolutionConfigurationPlatforms) = preSolution
		Debug|Any CPU = Debug|Any CPU
		Release|Any CPU = Release|Any CPU
	EndGlobalSection
	GlobalSection(ProjectConfigurationPlatforms) = postSolution
		{40ACECFC-0930-487A-A447-067DA19F62B3}.Debug|Any CPU.ActiveCfg = Debug|Any CPU
		{40ACECFC-0930-487A-A447-067DA19F62B3}.Debug|Any CPU.Build.0 = Debug|Any CPU
		{40ACECFC-0930-487A-A447-067DA19F62B3}.Release|Any CPU.ActiveCfg = Release|Any CPU
		{40ACECFC-0930-487A-A447-067DA19F62B3}.Release|Any CPU.Build.0 = Release|Any CPU
	EndGlobalSection
	GlobalSection(SolutionProperties) = preSolution
		HideSolutionNode = FALSE
	EndGlobalSection
	GlobalSection(ExtensibilityGlobals) = postSolution
		SolutionGuid = {1DC39B0D-B014-4B63-8BB7-73C529B70744}
	EndGlobalSection
EndGlobal
